
Microsoft Visual Studio Solution File, Format Version 12.00
# Visual Studio Version 17
VisualStudioVersion = 17.0.32112.339
MinimumVisualStudioVersion = 10.0.40219.1
Project("{9A19103F-16F7-4668-BE54-9A1E7A4F7556}") = "Domain", "src\Domain\Domain.csproj", "{7EB1B559-5D98-4006-9D8C-19E9D48548C0}"
EndProject
Project("{9A19103F-16F7-4668-BE54-9A1E7A4F7556}") = "API", "src\API\API.csproj", "{F7BC252D-2F46-4127-A810-A941C1DEB460}"
EndProject
Project("{9A19103F-16F7-4668-BE54-9A1E7A4F7556}") = "Infrastructure", "src\Infrastructure\Infrastructure.csproj", "{547E77F2-B524-4BAB-959F-4EC52DE168B8}"
EndProject
Project("{9A19103F-16F7-4668-BE54-9A1E7A4F7556}") = "Application", "src\Application\Application.csproj", "{FAC87AED-FAF0-4FE3-987A-2C3718D17EB7}"
EndProject
Global
	GlobalSection(SolutionConfigurationPlatforms) = preSolution
		Debug|Any CPU = Debug|Any CPU
		Release|Any CPU = Release|Any CPU
	EndGlobalSection
	GlobalSection(ProjectConfigurationPlatforms) = postSolution
		{7EB1B559-5D98-4006-9D8C-19E9D48548C0}.Debug|Any CPU.ActiveCfg = Debug|Any CPU
		{7EB1B559-5D98-4006-9D8C-19E9D48548C0}.Debug|Any CPU.Build.0 = Debug|Any CPU
		{7EB1B559-5D98-4006-9D8C-19E9D48548C0}.Release|Any CPU.ActiveCfg = Release|Any CPU
		{7EB1B559-5D98-4006-9D8C-19E9D48548C0}.Release|Any CPU.Build.0 = Release|Any CPU
		{F7BC252D-2F46-4127-A810-A941C1DEB460}.Debug|Any CPU.ActiveCfg = Debug|Any CPU
		{F7BC252D-2F46-4127-A810-A941C1DEB460}.Debug|Any CPU.Build.0 = Debug|Any CPU
		{F7BC252D-2F46-4127-A810-A941C1DEB460}.Release|Any CPU.ActiveCfg = Release|Any CPU
		{F7BC252D-2F46-4127-A810-A941C1DEB460}.Release|Any CPU.Build.0 = Release|Any CPU
		{547E77F2-B524-4BAB-959F-4EC52DE168B8}.Debug|Any CPU.ActiveCfg = Debug|Any CPU
		{547E77F2-B524-4BAB-959F-4EC52DE168B8}.Debug|Any CPU.Build.0 = Debug|Any CPU
		{547E77F2-B524-4BAB-959F-4EC52DE168B8}.Release|Any CPU.ActiveCfg = Release|Any CPU
		{547E77F2-B524-4BAB-959F-4EC52DE168B8}.Release|Any CPU.Build.0 = Release|Any CPU
		{FAC87AED-FAF0-4FE3-987A-2C3718D17EB7}.Debug|Any CPU.ActiveCfg = Debug|Any CPU
		{FAC87AED-FAF0-4FE3-987A-2C3718D17EB7}.Debug|Any CPU.Build.0 = Debug|Any CPU
		{FAC87AED-FAF0-4FE3-987A-2C3718D17EB7}.Release|Any CPU.ActiveCfg = Release|Any CPU
		{FAC87AED-FAF0-4FE3-987A-2C3718D17EB7}.Release|Any CPU.Build.0 = Release|Any CPU
	EndGlobalSection
	GlobalSection(SolutionProperties) = preSolution
		HideSolutionNode = FALSE
	EndGlobalSection
	GlobalSection(ExtensibilityGlobals) = postSolution
		SolutionGuid = {AC244A5A-4EC7-43DB-8DDF-0C2CC067FA91}
	EndGlobalSection
EndGlobal
